
Microsoft Visual Studio Solution File, Format Version 12.00
# Visual Studio Version 16
VisualStudioVersion = 25.0.1705.0
MinimumVisualStudioVersion = 10.0.40219.1
Project("{FAE04EC0-301F-11D3-BF4B-00C04F79EFBC}") = "PortfolioApplication", "PortfolioApplicationAPI\PortfolioApplicationAPI.csproj", "{6380ECD6-6E2A-4749-82AE-162896DEB076}"
EndProject
Global
	GlobalSection(SolutionConfigurationPlatforms) = preSolution
		Debug|Any CPU = Debug|Any CPU
		Release|Any CPU = Release|Any CPU
	EndGlobalSection
	GlobalSection(ProjectConfigurationPlatforms) = postSolution
		{6380ECD6-6E2A-4749-82AE-162896DEB076}.Debug|Any CPU.ActiveCfg = Debug|Any CPU
		{6380ECD6-6E2A-4749-82AE-162896DEB076}.Debug|Any CPU.Build.0 = Debug|Any CPU
		{6380ECD6-6E2A-4749-82AE-162896DEB076}.Release|Any CPU.ActiveCfg = Release|Any CPU
		{6380ECD6-6E2A-4749-82AE-162896DEB076}.Release|Any CPU.Build.0 = Release|Any CPU
	EndGlobalSection
	GlobalSection(SolutionProperties) = preSolution
		HideSolutionNode = FALSE
	EndGlobalSection
	GlobalSection(ExtensibilityGlobals) = postSolution
		SolutionGuid = {893755F3-0388-47B9-9873-C8D54275E4B5}
	EndGlobalSection
EndGlobal
